// !$*UTF8*$!
{
	archiveVersion = 1;
	classes = {
	};
	objectVersion = 56;
	objects = {

/* Begin PBXBuildFile section */
		2F68E4552985B4A900B788FC /* AppDelegate.swift in Sources */ = {isa = PBXBuildFile; fileRef = 2F68E4542985B4A900B788FC /* AppDelegate.swift */; };
		2F68E4572985B4A900B788FC /* SceneDelegate.swift in Sources */ = {isa = PBXBuildFile; fileRef = 2F68E4562985B4A900B788FC /* SceneDelegate.swift */; };
		2F68E4592985B4A900B788FC /* ViewController.swift in Sources */ = {isa = PBXBuildFile; fileRef = 2F68E4582985B4A900B788FC /* ViewController.swift */; };
		2F68E45C2985B4A900B788FC /* Main.storyboard in Resources */ = {isa = PBXBuildFile; fileRef = 2F68E45A2985B4A900B788FC /* Main.storyboard */; };
		2F68E45E2985B4A900B788FC /* Assets.xcassets in Resources */ = {isa = PBXBuildFile; fileRef = 2F68E45D2985B4A900B788FC /* Assets.xcassets */; };
		2F68E4612985B4A900B788FC /* LaunchScreen.storyboard in Resources */ = {isa = PBXBuildFile; fileRef = 2F68E45F2985B4A900B788FC /* LaunchScreen.storyboard */; };
		2F68E46C2985B7C200B788FC /* Lulo in Frameworks */ = {isa = PBXBuildFile; productRef = 2F68E46B2985B7C200B788FC /* Lulo */; };
		2F7D71E3299859F900734BB8 /* ProgresExampleViewController.swift in Sources */ = {isa = PBXBuildFile; fileRef = 2F7D71E1299859F900734BB8 /* ProgresExampleViewController.swift */; };
		2F7D71E4299859F900734BB8 /* ProgresExampleViewController.xib in Resources */ = {isa = PBXBuildFile; fileRef = 2F7D71E2299859F900734BB8 /* ProgresExampleViewController.xib */; };
		2F9BB435299067F200A76EC3 /* BasicExampleViewController.swift in Sources */ = {isa = PBXBuildFile; fileRef = 2F9BB433299067F200A76EC3 /* BasicExampleViewController.swift */; };
		2F9BB436299067F200A76EC3 /* BasicExampleViewController.xib in Resources */ = {isa = PBXBuildFile; fileRef = 2F9BB434299067F200A76EC3 /* BasicExampleViewController.xib */; };
		2F9BB43F29906AFC00A76EC3 /* ExampleOptionTableViewCell.swift in Sources */ = {isa = PBXBuildFile; fileRef = 2F9BB43D29906AFC00A76EC3 /* ExampleOptionTableViewCell.swift */; };
		2F9BB44029906AFC00A76EC3 /* ExampleOptionTableViewCell.xib in Resources */ = {isa = PBXBuildFile; fileRef = 2F9BB43E29906AFC00A76EC3 /* ExampleOptionTableViewCell.xib */; };
/* End PBXBuildFile section */

/* Begin PBXFileReference section */
		2F68E4512985B4A900B788FC /* LuloDemo.app */ = {isa = PBXFileReference; explicitFileType = wrapper.application; includeInIndex = 0; path = LuloDemo.app; sourceTree = BUILT_PRODUCTS_DIR; };
		2F68E4542985B4A900B788FC /* AppDelegate.swift */ = {isa = PBXFileReference; lastKnownFileType = sourcecode.swift; path = AppDelegate.swift; sourceTree = "<group>"; };
		2F68E4562985B4A900B788FC /* SceneDelegate.swift */ = {isa = PBXFileReference; lastKnownFileType = sourcecode.swift; path = SceneDelegate.swift; sourceTree = "<group>"; };
		2F68E4582985B4A900B788FC /* ViewController.swift */ = {isa = PBXFileReference; lastKnownFileType = sourcecode.swift; path = ViewController.swift; sourceTree = "<group>"; };
		2F68E45B2985B4A900B788FC /* Base */ = {isa = PBXFileReference; lastKnownFileType = file.storyboard; name = Base; path = Base.lproj/Main.storyboard; sourceTree = "<group>"; };
		2F68E45D2985B4A900B788FC /* Assets.xcassets */ = {isa = PBXFileReference; lastKnownFileType = folder.assetcatalog; path = Assets.xcassets; sourceTree = "<group>"; };
		2F68E4602985B4A900B788FC /* Base */ = {isa = PBXFileReference; lastKnownFileType = file.storyboard; name = Base; path = Base.lproj/LaunchScreen.storyboard; sourceTree = "<group>"; };
		2F68E4622985B4A900B788FC /* Info.plist */ = {isa = PBXFileReference; lastKnownFileType = text.plist.xml; path = Info.plist; sourceTree = "<group>"; };
		2F68E4692985B55400B788FC /* Lulo */ = {isa = PBXFileReference; lastKnownFileType = wrapper; name = Lulo; path = ..; sourceTree = "<group>"; };
		2F7D71E1299859F900734BB8 /* ProgresExampleViewController.swift */ = {isa = PBXFileReference; lastKnownFileType = sourcecode.swift; path = ProgresExampleViewController.swift; sourceTree = "<group>"; };
		2F7D71E2299859F900734BB8 /* ProgresExampleViewController.xib */ = {isa = PBXFileReference; lastKnownFileType = file.xib; path = ProgresExampleViewController.xib; sourceTree = "<group>"; };
		2F9BB433299067F200A76EC3 /* BasicExampleViewController.swift */ = {isa = PBXFileReference; lastKnownFileType = sourcecode.swift; path = BasicExampleViewController.swift; sourceTree = "<group>"; };
		2F9BB434299067F200A76EC3 /* BasicExampleViewController.xib */ = {isa = PBXFileReference; lastKnownFileType = file.xib; path = BasicExampleViewController.xib; sourceTree = "<group>"; };
		2F9BB43D29906AFC00A76EC3 /* ExampleOptionTableViewCell.swift */ = {isa = PBXFileReference; lastKnownFileType = sourcecode.swift; path = ExampleOptionTableViewCell.swift; sourceTree = "<group>"; };
		2F9BB43E29906AFC00A76EC3 /* ExampleOptionTableViewCell.xib */ = {isa = PBXFileReference; lastKnownFileType = file.xib; path = ExampleOptionTableViewCell.xib; sourceTree = "<group>"; };
/* End PBXFileReference section */

/* Begin PBXFrameworksBuildPhase section */
		2F68E44E2985B4A900B788FC /* Frameworks */ = {
			isa = PBXFrameworksBuildPhase;
			buildActionMask = 2147483647;
			files = (
				2F68E46C2985B7C200B788FC /* Lulo in Frameworks */,
			);
			runOnlyForDeploymentPostprocessing = 0;
		};
/* End PBXFrameworksBuildPhase section */

/* Begin PBXGroup section */
		2F68E4482985B4A900B788FC = {
			isa = PBXGroup;
			children = (
				2F68E4682985B55400B788FC /* Packages */,
				2F68E4532985B4A900B788FC /* LuloDemo */,
				2F68E4522985B4A900B788FC /* Products */,
				2F68E46A2985B7C200B788FC /* Frameworks */,
			);
			sourceTree = "<group>";
		};
		2F68E4522985B4A900B788FC /* Products */ = {
			isa = PBXGroup;
			children = (
				2F68E4512985B4A900B788FC /* LuloDemo.app */,
			);
			name = Products;
			sourceTree = "<group>";
		};
		2F68E4532985B4A900B788FC /* LuloDemo */ = {
			isa = PBXGroup;
			children = (
				2F9BB43729906ABF00A76EC3 /* Main */,
				2F9BB432299067D300A76EC3 /* Examples */,
				2F68E4542985B4A900B788FC /* AppDelegate.swift */,
				2F68E4562985B4A900B788FC /* SceneDelegate.swift */,
				2F68E45D2985B4A900B788FC /* Assets.xcassets */,
				2F68E45F2985B4A900B788FC /* LaunchScreen.storyboard */,
				2F68E4622985B4A900B788FC /* Info.plist */,
			);
			path = LuloDemo;
			sourceTree = "<group>";
		};
		2F68E4682985B55400B788FC /* Packages */ = {
			isa = PBXGroup;
			children = (
				2F68E4692985B55400B788FC /* Lulo */,
			);
			name = Packages;
			sourceTree = "<group>";
		};
		2F68E46A2985B7C200B788FC /* Frameworks */ = {
			isa = PBXGroup;
			children = (
			);
			name = Frameworks;
			sourceTree = "<group>";
		};
		2F7D71DF299856EA00734BB8 /* Basic */ = {
			isa = PBXGroup;
			children = (
				2F9BB433299067F200A76EC3 /* BasicExampleViewController.swift */,
				2F9BB434299067F200A76EC3 /* BasicExampleViewController.xib */,
			);
			path = Basic;
			sourceTree = "<group>";
		};
		2F7D71E0299856F300734BB8 /* Progress */ = {
			isa = PBXGroup;
			children = (
				2F7D71E1299859F900734BB8 /* ProgresExampleViewController.swift */,
				2F7D71E2299859F900734BB8 /* ProgresExampleViewController.xib */,
			);
			path = Progress;
			sourceTree = "<group>";
		};
		2F9BB432299067D300A76EC3 /* Examples */ = {
			isa = PBXGroup;
			children = (
				2F7D71E0299856F300734BB8 /* Progress */,
				2F7D71DF299856EA00734BB8 /* Basic */,
			);
			path = Examples;
			sourceTree = "<group>";
		};
		2F9BB43729906ABF00A76EC3 /* Main */ = {
			isa = PBXGroup;
			children = (
				2F9BB43829906ACF00A76EC3 /* Cell */,
				2F68E4582985B4A900B788FC /* ViewController.swift */,
				2F68E45A2985B4A900B788FC /* Main.storyboard */,
			);
			path = Main;
			sourceTree = "<group>";
		};
		2F9BB43829906ACF00A76EC3 /* Cell */ = {
			isa = PBXGroup;
			children = (
				2F9BB43D29906AFC00A76EC3 /* ExampleOptionTableViewCell.swift */,
				2F9BB43E29906AFC00A76EC3 /* ExampleOptionTableViewCell.xib */,
			);
			path = Cell;
			sourceTree = "<group>";
		};
/* End PBXGroup section */

/* Begin PBXNativeTarget section */
		2F68E4502985B4A900B788FC /* LuloDemo */ = {
			isa = PBXNativeTarget;
			buildConfigurationList = 2F68E4652985B4A900B788FC /* Build configuration list for PBXNativeTarget "LuloDemo" */;
			buildPhases = (
				2F68E44D2985B4A900B788FC /* Sources */,
				2F68E44E2985B4A900B788FC /* Frameworks */,
				2F68E44F2985B4A900B788FC /* Resources */,
			);
			buildRules = (
			);
			dependencies = (
			);
			name = LuloDemo;
			packageProductDependencies = (
				2F68E46B2985B7C200B788FC /* Lulo */,
			);
			productName = LuloDemo;
			productReference = 2F68E4512985B4A900B788FC /* LuloDemo.app */;
			productType = "com.apple.product-type.application";
		};
/* End PBXNativeTarget section */

/* Begin PBXProject section */
		2F68E4492985B4A900B788FC /* Project object */ = {
			isa = PBXProject;
			attributes = {
				BuildIndependentTargetsInParallel = 1;
				LastSwiftUpdateCheck = 1410;
				LastUpgradeCheck = 1410;
				TargetAttributes = {
					2F68E4502985B4A900B788FC = {
						CreatedOnToolsVersion = 14.1;
					};
				};
			};
			buildConfigurationList = 2F68E44C2985B4A900B788FC /* Build configuration list for PBXProject "LuloDemo" */;
			compatibilityVersion = "Xcode 14.0";
			developmentRegion = en;
			hasScannedForEncodings = 0;
			knownRegions = (
				en,
				Base,
			);
			mainGroup = 2F68E4482985B4A900B788FC;
			productRefGroup = 2F68E4522985B4A900B788FC /* Products */;
			projectDirPath = "";
			projectRoot = "";
			targets = (
				2F68E4502985B4A900B788FC /* LuloDemo */,
			);
		};
/* End PBXProject section */

/* Begin PBXResourcesBuildPhase section */
		2F68E44F2985B4A900B788FC /* Resources */ = {
			isa = PBXResourcesBuildPhase;
			buildActionMask = 2147483647;
			files = (
				2F9BB436299067F200A76EC3 /* BasicExampleViewController.xib in Resources */,
				2F68E4612985B4A900B788FC /* LaunchScreen.storyboard in Resources */,
				2F7D71E4299859F900734BB8 /* ProgresExampleViewController.xib in Resources */,
				2F68E45E2985B4A900B788FC /* Assets.xcassets in Resources */,
				2F68E45C2985B4A900B788FC /* Main.storyboard in Resources */,
				2F9BB44029906AFC00A76EC3 /* ExampleOptionTableViewCell.xib in Resources */,
			);
			runOnlyForDeploymentPostprocessing = 0;
		};
/* End PBXResourcesBuildPhase section */

/* Begin PBXSourcesBuildPhase section */
		2F68E44D2985B4A900B788FC /* Sources */ = {
			isa = PBXSourcesBuildPhase;
			buildActionMask = 2147483647;
			files = (
				2F9BB43F29906AFC00A76EC3 /* ExampleOptionTableViewCell.swift in Sources */,
				2F9BB435299067F200A76EC3 /* BasicExampleViewController.swift in Sources */,
				2F7D71E3299859F900734BB8 /* ProgresExampleViewController.swift in Sources */,
				2F68E4592985B4A900B788FC /* ViewController.swift in Sources */,
				2F68E4552985B4A900B788FC /* AppDelegate.swift in Sources */,
				2F68E4572985B4A900B788FC /* SceneDelegate.swift in Sources */,
			);
			runOnlyForDeploymentPostprocessing = 0;
		};
/* End PBXSourcesBuildPhase section */

/* Begin PBXVariantGroup section */
		2F68E45A2985B4A900B788FC /* Main.storyboard */ = {
			isa = PBXVariantGroup;
			children = (
				2F68E45B2985B4A900B788FC /* Base */,
			);
			name = Main.storyboard;
			sourceTree = "<group>";
		};
		2F68E45F2985B4A900B788FC /* LaunchScreen.storyboard */ = {
			isa = PBXVariantGroup;
			children = (
				2F68E4602985B4A900B788FC /* Base */,
			);
			name = LaunchScreen.storyboard;
			sourceTree = "<group>";
		};
/* End PBXVariantGroup section */

/* Begin XCBuildConfiguration section */
		2F68E4632985B4A900B788FC /* Debug */ = {
			isa = XCBuildConfiguration;
			buildSettings = {
				ALWAYS_SEARCH_USER_PATHS = NO;
				CLANG_ANALYZER_NONNULL = YES;
				CLANG_ANALYZER_NUMBER_OBJECT_CONVERSION = YES_AGGRESSIVE;
				CLANG_CXX_LANGUAGE_STANDARD = "gnu++20";
				CLANG_ENABLE_MODULES = YES;
				CLANG_ENABLE_OBJC_ARC = YES;
				CLANG_ENABLE_OBJC_WEAK = YES;
				CLANG_WARN_BLOCK_CAPTURE_AUTORELEASING = YES;
				CLANG_WARN_BOOL_CONVERSION = YES;
				CLANG_WARN_COMMA = YES;
				CLANG_WARN_CONSTANT_CONVERSION = YES;
				CLANG_WARN_DEPRECATED_OBJC_IMPLEMENTATIONS = YES;
				CLANG_WARN_DIRECT_OBJC_ISA_USAGE = YES_ERROR;
				CLANG_WARN_DOCUMENTATION_COMMENTS = YES;
				CLANG_WARN_EMPTY_BODY = YES;
				CLANG_WARN_ENUM_CONVERSION = YES;
				CLANG_WARN_INFINITE_RECURSION = YES;
				CLANG_WARN_INT_CONVERSION = YES;
				CLANG_WARN_NON_LITERAL_NULL_CONVERSION = YES;
				CLANG_WARN_OBJC_IMPLICIT_RETAIN_SELF = YES;
				CLANG_WARN_OBJC_LITERAL_CONVERSION = YES;
				CLANG_WARN_OBJC_ROOT_CLASS = YES_ERROR;
				CLANG_WARN_QUOTED_INCLUDE_IN_FRAMEWORK_HEADER = YES;
				CLANG_WARN_RANGE_LOOP_ANALYSIS = YES;
				CLANG_WARN_STRICT_PROTOTYPES = YES;
				CLANG_WARN_SUSPICIOUS_MOVE = YES;
				CLANG_WARN_UNGUARDED_AVAILABILITY = YES_AGGRESSIVE;
				CLANG_WARN_UNREACHABLE_CODE = YES;
				CLANG_WARN__DUPLICATE_METHOD_MATCH = YES;
				COPY_PHASE_STRIP = NO;
				DEBUG_INFORMATION_FORMAT = dwarf;
				ENABLE_STRICT_OBJC_MSGSEND = YES;
				ENABLE_TESTABILITY = YES;
				GCC_C_LANGUAGE_STANDARD = gnu11;
				GCC_DYNAMIC_NO_PIC = NO;
				GCC_NO_COMMON_BLOCKS = YES;
				GCC_OPTIMIZATION_LEVEL = 0;
				GCC_PREPROCESSOR_DEFINITIONS = (
					"DEBUG=1",
					"$(inherited)",
				);
				GCC_WARN_64_TO_32_BIT_CONVERSION = YES;
				GCC_WARN_ABOUT_RETURN_TYPE = YES_ERROR;
				GCC_WARN_UNDECLARED_SELECTOR = YES;
				GCC_WARN_UNINITIALIZED_AUTOS = YES_AGGRESSIVE;
				GCC_WARN_UNUSED_FUNCTION = YES;
				GCC_WARN_UNUSED_VARIABLE = YES;
				IPHONEOS_DEPLOYMENT_TARGET = 16.1;
				MTL_ENABLE_DEBUG_INFO = INCLUDE_SOURCE;
				MTL_FAST_MATH = YES;
				ONLY_ACTIVE_ARCH = YES;
				SDKROOT = iphoneos;
				SWIFT_ACTIVE_COMPILATION_CONDITIONS = DEBUG;
				SWIFT_OPTIMIZATION_LEVEL = "-Onone";
			};
			name = Debug;
		};
		2F68E4642985B4A900B788FC /* Release */ = {
			isa = XCBuildConfiguration;
			buildSettings = {
				ALWAYS_SEARCH_USER_PATHS = NO;
				CLANG_ANALYZER_NONNULL = YES;
				CLANG_ANALYZER_NUMBER_OBJECT_CONVERSION = YES_AGGRESSIVE;
				CLANG_CXX_LANGUAGE_STANDARD = "gnu++20";
				CLANG_ENABLE_MODULES = YES;
				CLANG_ENABLE_OBJC_ARC = YES;
				CLANG_ENABLE_OBJC_WEAK = YES;
				CLANG_WARN_BLOCK_CAPTURE_AUTORELEASING = YES;
				CLANG_WARN_BOOL_CONVERSION = YES;
				CLANG_WARN_COMMA = YES;
				CLANG_WARN_CONSTANT_CONVERSION = YES;
				CLANG_WARN_DEPRECATED_OBJC_IMPLEMENTATIONS = YES;
				CLANG_WARN_DIRECT_OBJC_ISA_USAGE = YES_ERROR;
				CLANG_WARN_DOCUMENTATION_COMMENTS = YES;
				CLANG_WARN_EMPTY_BODY = YES;
				CLANG_WARN_ENUM_CONVERSION = YES;
				CLANG_WARN_INFINITE_RECURSION = YES;
				CLANG_WARN_INT_CONVERSION = YES;
				CLANG_WARN_NON_LITERAL_NULL_CONVERSION = YES;
				CLANG_WARN_OBJC_IMPLICIT_RETAIN_SELF = YES;
				CLANG_WARN_OBJC_LITERAL_CONVERSION = YES;
				CLANG_WARN_OBJC_ROOT_CLASS = YES_ERROR;
				CLANG_WARN_QUOTED_INCLUDE_IN_FRAMEWORK_HEADER = YES;
				CLANG_WARN_RANGE_LOOP_ANALYSIS = YES;
				CLANG_WARN_STRICT_PROTOTYPES = YES;
				CLANG_WARN_SUSPICIOUS_MOVE = YES;
				CLANG_WARN_UNGUARDED_AVAILABILITY = YES_AGGRESSIVE;
				CLANG_WARN_UNREACHABLE_CODE = YES;
				CLANG_WARN__DUPLICATE_METHOD_MATCH = YES;
				COPY_PHASE_STRIP = NO;
				DEBUG_INFORMATION_FORMAT = "dwarf-with-dsym";
				ENABLE_NS_ASSERTIONS = NO;
				ENABLE_STRICT_OBJC_MSGSEND = YES;
				GCC_C_LANGUAGE_STANDARD = gnu11;
				GCC_NO_COMMON_BLOCKS = YES;
				GCC_WARN_64_TO_32_BIT_CONVERSION = YES;
				GCC_WARN_ABOUT_RETURN_TYPE = YES_ERROR;
				GCC_WARN_UNDECLARED_SELECTOR = YES;
				GCC_WARN_UNINITIALIZED_AUTOS = YES_AGGRESSIVE;
				GCC_WARN_UNUSED_FUNCTION = YES;
				GCC_WARN_UNUSED_VARIABLE = YES;
				IPHONEOS_DEPLOYMENT_TARGET = 16.1;
				MTL_ENABLE_DEBUG_INFO = NO;
				MTL_FAST_MATH = YES;
				SDKROOT = iphoneos;
				SWIFT_COMPILATION_MODE = wholemodule;
				SWIFT_OPTIMIZATION_LEVEL = "-O";
				VALIDATE_PRODUCT = YES;
			};
			name = Release;
		};
		2F68E4662985B4A900B788FC /* Debug */ = {
			isa = XCBuildConfiguration;
			buildSettings = {
				ASSETCATALOG_COMPILER_APPICON_NAME = AppIcon;
				ASSETCATALOG_COMPILER_GLOBAL_ACCENT_COLOR_NAME = AccentColor;
				CODE_SIGN_STYLE = Automatic;
				CURRENT_PROJECT_VERSION = 1;
				GENERATE_INFOPLIST_FILE = YES;
				INFOPLIST_FILE = LuloDemo/Info.plist;
				INFOPLIST_KEY_UIApplicationSupportsIndirectInputEvents = YES;
				INFOPLIST_KEY_UILaunchStoryboardName = LaunchScreen;
				INFOPLIST_KEY_UIMainStoryboardFile = Main;
				INFOPLIST_KEY_UISupportedInterfaceOrientations_iPad = "UIInterfaceOrientationPortrait UIInterfaceOrientationPortraitUpsideDown UIInterfaceOrientationLandscapeLeft UIInterfaceOrientationLandscapeRight";
				INFOPLIST_KEY_UISupportedInterfaceOrientations_iPhone = "UIInterfaceOrientationPortrait UIInterfaceOrientationLandscapeLeft UIInterfaceOrientationLandscapeRight";
				LD_RUNPATH_SEARCH_PATHS = (
					"$(inherited)",
					"@executable_path/Frameworks",
				);
				MARKETING_VERSION = 1.0;
				PRODUCT_BUNDLE_IDENTIFIER = co.juandahurt.LuloDemo;
				PRODUCT_NAME = "$(TARGET_NAME)";
				SWIFT_EMIT_LOC_STRINGS = YES;
				SWIFT_VERSION = 5.0;
				TARGETED_DEVICE_FAMILY = "1,2";
			};
			name = Debug;
		};
		2F68E4672985B4A900B788FC /* Release */ = {
			isa = XCBuildConfiguration;
			buildSettings = {
				ASSETCATALOG_COMPILER_APPICON_NAME = AppIcon;
				ASSETCATALOG_COMPILER_GLOBAL_ACCENT_COLOR_NAME = AccentColor;
				CODE_SIGN_STYLE = Automatic;
				CURRENT_PROJECT_VERSION = 1;
				GENERATE_INFOPLIST_FILE = YES;
				INFOPLIST_FILE = LuloDemo/Info.plist;
				INFOPLIST_KEY_UIApplicationSupportsIndirectInputEvents = YES;
				INFOPLIST_KEY_UILaunchStoryboardName = LaunchScreen;
				INFOPLIST_KEY_UIMainStoryboardFile = Main;
				INFOPLIST_KEY_UISupportedInterfaceOrientations_iPad = "UIInterfaceOrientationPortrait UIInterfaceOrientationPortraitUpsideDown UIInterfaceOrientationLandscapeLeft UIInterfaceOrientationLandscapeRight";
				INFOPLIST_KEY_UISupportedInterfaceOrientations_iPhone = "UIInterfaceOrientationPortrait UIInterfaceOrientationLandscapeLeft UIInterfaceOrientationLandscapeRight";
				LD_RUNPATH_SEARCH_PATHS = (
					"$(inherited)",
					"@executable_path/Frameworks",
				);
				MARKETING_VERSION = 1.0;
				PRODUCT_BUNDLE_IDENTIFIER = co.juandahurt.LuloDemo;
				PRODUCT_NAME = "$(TARGET_NAME)";
				SWIFT_EMIT_LOC_STRINGS = YES;
				SWIFT_VERSION = 5.0;
				TARGETED_DEVICE_FAMILY = "1,2";
			};
			name = Release;
		};
/* End XCBuildConfiguration section */

/* Begin XCConfigurationList section */
		2F68E44C2985B4A900B788FC /* Build configuration list for PBXProject "LuloDemo" */ = {
			isa = XCConfigurationList;
			buildConfigurations = (
				2F68E4632985B4A900B788FC /* Debug */,
				2F68E4642985B4A900B788FC /* Release */,
			);
			defaultConfigurationIsVisible = 0;
			defaultConfigurationName = Release;
		};
		2F68E4652985B4A900B788FC /* Build configuration list for PBXNativeTarget "LuloDemo" */ = {
			isa = XCConfigurationList;
			buildConfigurations = (
				2F68E4662985B4A900B788FC /* Debug */,
				2F68E4672985B4A900B788FC /* Release */,
			);
			defaultConfigurationIsVisible = 0;
			defaultConfigurationName = Release;
		};
/* End XCConfigurationList section */

/* Begin XCSwiftPackageProductDependency section */
		2F68E46B2985B7C200B788FC /* Lulo */ = {
			isa = XCSwiftPackageProductDependency;
			productName = Lulo;
		};
/* End XCSwiftPackageProductDependency section */
	};
	rootObject = 2F68E4492985B4A900B788FC /* Project object */;
}
